
Microsoft Visual Studio Solution File, Format Version 12.00
# Visual Studio Version 16
VisualStudioVersion = 16.0.30611.23
MinimumVisualStudioVersion = 10.0.40219.1
Project("{9A19103F-16F7-4668-BE54-9A1E7A4F7556}") = "compose-test", "compose-test\compose-test.csproj", "{B5B6B843-5DD5-4C93-96F1-68E78ACBA977}"
EndProject
Project("{E53339B2-1760-4266-BCC7-CA923CBCF16C}") = "docker-compose", "docker-compose.dcproj", "{4FD6937F-B68E-47E5-AABE-ABE1FA5091E1}"
EndProject
Project("{9A19103F-16F7-4668-BE54-9A1E7A4F7556}") = "test-ui", "test-ui\test-ui.csproj", "{76B1F8DA-E772-47B4-9149-F3B1596D23F5}"
EndProject
Project("{00D1A9C2-B5F0-4AF3-8072-F6C62B433612}") = "WeatherDB", "WeatherDB\WeatherDB.sqlproj", "{1DD05982-BEC8-42DD-9177-EFFE44999B67}"
EndProject
Global
	GlobalSection(SolutionConfigurationPlatforms) = preSolution
		Debug|Any CPU = Debug|Any CPU
		Release|Any CPU = Release|Any CPU
	EndGlobalSection
	GlobalSection(ProjectConfigurationPlatforms) = postSolution
		{B5B6B843-5DD5-4C93-96F1-68E78ACBA977}.Debug|Any CPU.ActiveCfg = Debug|Any CPU
		{B5B6B843-5DD5-4C93-96F1-68E78ACBA977}.Debug|Any CPU.Build.0 = Debug|Any CPU
		{B5B6B843-5DD5-4C93-96F1-68E78ACBA977}.Release|Any CPU.ActiveCfg = Release|Any CPU
		{B5B6B843-5DD5-4C93-96F1-68E78ACBA977}.Release|Any CPU.Build.0 = Release|Any CPU
		{4FD6937F-B68E-47E5-AABE-ABE1FA5091E1}.Debug|Any CPU.ActiveCfg = Debug|Any CPU
		{4FD6937F-B68E-47E5-AABE-ABE1FA5091E1}.Debug|Any CPU.Build.0 = Debug|Any CPU
		{4FD6937F-B68E-47E5-AABE-ABE1FA5091E1}.Release|Any CPU.ActiveCfg = Release|Any CPU
		{4FD6937F-B68E-47E5-AABE-ABE1FA5091E1}.Release|Any CPU.Build.0 = Release|Any CPU
		{76B1F8DA-E772-47B4-9149-F3B1596D23F5}.Debug|Any CPU.ActiveCfg = Debug|Any CPU
		{76B1F8DA-E772-47B4-9149-F3B1596D23F5}.Debug|Any CPU.Build.0 = Debug|Any CPU
		{76B1F8DA-E772-47B4-9149-F3B1596D23F5}.Release|Any CPU.ActiveCfg = Release|Any CPU
		{76B1F8DA-E772-47B4-9149-F3B1596D23F5}.Release|Any CPU.Build.0 = Release|Any CPU
		{1DD05982-BEC8-42DD-9177-EFFE44999B67}.Debug|Any CPU.ActiveCfg = Debug|Any CPU
		{1DD05982-BEC8-42DD-9177-EFFE44999B67}.Debug|Any CPU.Build.0 = Debug|Any CPU
		{1DD05982-BEC8-42DD-9177-EFFE44999B67}.Debug|Any CPU.Deploy.0 = Debug|Any CPU
		{1DD05982-BEC8-42DD-9177-EFFE44999B67}.Release|Any CPU.ActiveCfg = Release|Any CPU
		{1DD05982-BEC8-42DD-9177-EFFE44999B67}.Release|Any CPU.Build.0 = Release|Any CPU
		{1DD05982-BEC8-42DD-9177-EFFE44999B67}.Release|Any CPU.Deploy.0 = Release|Any CPU
	EndGlobalSection
	GlobalSection(SolutionProperties) = preSolution
		HideSolutionNode = FALSE
	EndGlobalSection
	GlobalSection(ExtensibilityGlobals) = postSolution
		SolutionGuid = {D48A7A34-C309-4F83-A2F3-58763241CF87}
	EndGlobalSection
EndGlobal
